
Microsoft Visual Studio Solution File, Format Version 12.00
# Visual Studio Version 16
VisualStudioVersion = 16.0.30907.101
MinimumVisualStudioVersion = 10.0.40219.1
Project("{8BC9CEB8-8B4A-11D0-8D11-00A0C91BC942}") = "SIDBlasterTool", "VS\SIDBlasterTool.vcxproj", "{0EE51741-A1E2-4FD5-BFE8-B17A53CC20CE}"
EndProject
Global
	GlobalSection(SolutionConfigurationPlatforms) = preSolution
		Debug|x64 = Debug|x64
		Debug|x86 = Debug|x86
		Release|x64 = Release|x64
		Release|x86 = Release|x86
	EndGlobalSection
	GlobalSection(ProjectConfigurationPlatforms) = postSolution
		{0EE51741-A1E2-4FD5-BFE8-B17A53CC20CE}.Debug|x64.ActiveCfg = Debug|x64
		{0EE51741-A1E2-4FD5-BFE8-B17A53CC20CE}.Debug|x64.Build.0 = Debug|x64
		{0EE51741-A1E2-4FD5-BFE8-B17A53CC20CE}.Debug|x86.ActiveCfg = Debug|Win32
		{0EE51741-A1E2-4FD5-BFE8-B17A53CC20CE}.Debug|x86.Build.0 = Debug|Win32
		{0EE51741-A1E2-4FD5-BFE8-B17A53CC20CE}.Release|x64.ActiveCfg = Release|x64
		{0EE51741-A1E2-4FD5-BFE8-B17A53CC20CE}.Release|x64.Build.0 = Release|x64
		{0EE51741-A1E2-4FD5-BFE8-B17A53CC20CE}.Release|x86.ActiveCfg = Release|Win32
		{0EE51741-A1E2-4FD5-BFE8-B17A53CC20CE}.Release|x86.Build.0 = Release|Win32
	EndGlobalSection
	GlobalSection(SolutionProperties) = preSolution
		HideSolutionNode = FALSE
	EndGlobalSection
	GlobalSection(ExtensibilityGlobals) = postSolution
		SolutionGuid = {B51651D0-0769-47EC-B76F-64714B0AA6E3}
	EndGlobalSection
EndGlobal
